{
  "name": "aldo",
  "version": "1.0.0-alpha",
  "lockfileVersion": 1,
  "requires": true,
  "dependencies": {
    "@sindresorhus/is": {
      "version": "0.9.0",
      "resolved": "https://registry.npmjs.org/@sindresorhus/is/-/is-0.9.0.tgz",
      "integrity": "sha512-gKDK3XG96qMB3ZEZu9/Qvv6T2x2ZFGn4dcftsItHRF74kA6AqC9DIcOfnzgZSIWsSIHA47soiSNgAEHFxBQ7Fw==",
      "requires": {
        "symbol-observable": "1.2.0"
      }
    },
    "aldo-application": {
      "version": "1.0.0-alpha.0",
      "resolved": "https://registry.npmjs.org/aldo-application/-/aldo-application-1.0.0-alpha.0.tgz",
      "integrity": "sha512-tcSquSnC7NtLVn+iMjivQjYb7/974PQL47HMyp3tVIFMQnbeNpkQebQLv4RwEdD5VjVXa7fxildjaLjxxSGIIw==",
      "requires": {
        "@sindresorhus/is": "0.9.0",
        "aldo-compose": "3.1.2",
        "aldo-context": "1.1.1",
        "aldo-http": "1.0.0-alpha.3",
        "debug": "3.1.0"
      }
    },
    "aldo-compose": {
      "version": "3.1.2",
      "resolved": "https://registry.npmjs.org/aldo-compose/-/aldo-compose-3.1.2.tgz",
      "integrity": "sha512-CYOXtAufdngI0GbtKwY5YLQphvO9pHGLQOECPxqQHA8TdVYrqoNkF5TfaogDZDlHYRZFVmWP8tEH9oq91cbTrw==",
      "requires": {
        "@sindresorhus/is": "0.9.0"
      }
    },
    "aldo-context": {
      "version": "1.1.1",
      "resolved": "https://registry.npmjs.org/aldo-context/-/aldo-context-1.1.1.tgz",
      "integrity": "sha512-DXPZlpbrQEqN2dlwGvIPrqDi90mXvkIuHOFQNOJs77sDqAYwQtIp2OW4RmR52nHo76YXmQfVAdqpBn2mDqjisA=="
    },
    "aldo-http": {
      "version": "1.0.0-alpha.3",
      "resolved": "https://registry.npmjs.org/aldo-http/-/aldo-http-1.0.0-alpha.3.tgz",
      "integrity": "sha512-7AbCwjAGFmsl+pIpo2i9mRciTsIjccCdjzI0QdQ76Dkg5pNpN9IPPpd3cIjDV77R7cyCTmvYs7oJPwJOXBmj/A==",
      "requires": {
        "@sindresorhus/is": "0.9.0",
        "mime-types": "2.1.18"
      }
    },
    "debug": {
      "version": "3.1.0",
      "resolved": "https://registry.npmjs.org/debug/-/debug-3.1.0.tgz",
      "integrity": "sha512-OX8XqP7/1a9cqkxYw2yXss15f26NKWBpDXQd0/uK/KPqdQhxbPa994hnzjcE2VqQpDslf55723cKPUOGSmMY3g==",
      "requires": {
        "ms": "2.0.0"
      }
    },
    "mime-db": {
      "version": "1.33.0",
      "resolved": "https://registry.npmjs.org/mime-db/-/mime-db-1.33.0.tgz",
      "integrity": "sha512-BHJ/EKruNIqJf/QahvxwQZXKygOQ256myeN/Ew+THcAa5q+PjyTTMMeNQC4DZw5AwfvelsUrA6B67NKMqXDbzQ=="
    },
    "mime-types": {
      "version": "2.1.18",
      "resolved": "https://registry.npmjs.org/mime-types/-/mime-types-2.1.18.tgz",
      "integrity": "sha512-lc/aahn+t4/SWV/qcmumYjymLsWfN3ELhpmVuUFjgsORruuZPVSwAQryq+HHGvO/SI2KVX26bx+En+zhM8g8hQ==",
      "requires": {
        "mime-db": "1.33.0"
      }
    },
    "ms": {
      "version": "2.0.0",
      "resolved": "https://registry.npmjs.org/ms/-/ms-2.0.0.tgz",
      "integrity": "sha1-VgiurfwAvmwpAd9fmGF4jeDVl8g="
    },
    "symbol-observable": {
      "version": "1.2.0",
      "resolved": "https://registry.npmjs.org/symbol-observable/-/symbol-observable-1.2.0.tgz",
      "integrity": "sha512-e900nM8RRtGhlV36KGEU9k65K3mPb1WV70OdjfxlG2EAuM1noi/E/BaW/uMhL7bPEssK8QV57vN3esixjUvcXQ=="
    },
    "typescript": {
      "version": "2.8.3",
      "resolved": "https://registry.npmjs.org/typescript/-/typescript-2.8.3.tgz",
      "integrity": "sha512-K7g15Bb6Ra4lKf7Iq2l/I5/En+hLIHmxWZGq3D4DIRNFxMNV6j2SHSvDOqs2tGd4UvD/fJvrwopzQXjLrT7Itw==",
      "dev": true
    }
  }
}
