{
  "name": "aldo",
  "version": "1.0.0-alpha",
  "lockfileVersion": 1,
  "requires": true,
  "dependencies": {
    "@sindresorhus/is": {
      "version": "0.9.0",
      "resolved": "https://registry.npmjs.org/@sindresorhus/is/-/is-0.9.0.tgz",
      "integrity": "sha512-gKDK3XG96qMB3ZEZu9/Qvv6T2x2ZFGn4dcftsItHRF74kA6AqC9DIcOfnzgZSIWsSIHA47soiSNgAEHFxBQ7Fw==",
      "requires": {
        "symbol-observable": "1.2.0"
      }
    },
    "aldo-compose": {
      "version": "3.1.1",
      "resolved": "https://registry.npmjs.org/aldo-compose/-/aldo-compose-3.1.1.tgz",
      "integrity": "sha512-aBKlxhaVtt2hYmM/0OOM0a7aXQkQi15hIozhDhUrl8UQ6Wt+puF6XBdcLeu7QFa6arUvVNmdRsdl+aDJ89nmMw==",
      "requires": {
        "@sindresorhus/is": "0.9.0"
      }
    },
    "aldo-context": {
      "version": "1.1.1",
      "resolved": "https://registry.npmjs.org/aldo-context/-/aldo-context-1.1.1.tgz",
      "integrity": "sha512-DXPZlpbrQEqN2dlwGvIPrqDi90mXvkIuHOFQNOJs77sDqAYwQtIp2OW4RmR52nHo76YXmQfVAdqpBn2mDqjisA=="
    },
    "aldo-http": {
      "version": "1.0.0-alpha",
      "resolved": "https://registry.npmjs.org/aldo-http/-/aldo-http-1.0.0-alpha.tgz",
      "integrity": "sha512-yQ9nHacjfCW+vOu2ngyG6W0HYRIcHs/SK/2F8ZrqCJnEu+tl5l7loQwFwxPqdrovS/FT7+NP66gXtuWMHX42sw==",
      "requires": {
        "@sindresorhus/is": "0.9.0",
        "mime-types": "2.1.18",
        "statuses": "1.5.0"
      }
    },
    "mime-db": {
      "version": "1.33.0",
      "resolved": "https://registry.npmjs.org/mime-db/-/mime-db-1.33.0.tgz",
      "integrity": "sha512-BHJ/EKruNIqJf/QahvxwQZXKygOQ256myeN/Ew+THcAa5q+PjyTTMMeNQC4DZw5AwfvelsUrA6B67NKMqXDbzQ=="
    },
    "mime-types": {
      "version": "2.1.18",
      "resolved": "https://registry.npmjs.org/mime-types/-/mime-types-2.1.18.tgz",
      "integrity": "sha512-lc/aahn+t4/SWV/qcmumYjymLsWfN3ELhpmVuUFjgsORruuZPVSwAQryq+HHGvO/SI2KVX26bx+En+zhM8g8hQ==",
      "requires": {
        "mime-db": "1.33.0"
      }
    },
    "statuses": {
      "version": "1.5.0",
      "resolved": "https://registry.npmjs.org/statuses/-/statuses-1.5.0.tgz",
      "integrity": "sha1-Fhx9rBd2Wf2YEfQ3cfqZOBR4Yow="
    },
    "symbol-observable": {
      "version": "1.2.0",
      "resolved": "https://registry.npmjs.org/symbol-observable/-/symbol-observable-1.2.0.tgz",
      "integrity": "sha512-e900nM8RRtGhlV36KGEU9k65K3mPb1WV70OdjfxlG2EAuM1noi/E/BaW/uMhL7bPEssK8QV57vN3esixjUvcXQ=="
    },
    "typescript": {
      "version": "2.8.3",
      "resolved": "https://registry.npmjs.org/typescript/-/typescript-2.8.3.tgz",
      "integrity": "sha512-K7g15Bb6Ra4lKf7Iq2l/I5/En+hLIHmxWZGq3D4DIRNFxMNV6j2SHSvDOqs2tGd4UvD/fJvrwopzQXjLrT7Itw==",
      "dev": true
    }
  }
}
